
Microsoft Visual Studio Solution File, Format Version 12.00
# Visual Studio 14
VisualStudioVersion = 14.0.24720.0
MinimumVisualStudioVersion = 10.0.40219.1
Project("{FAE04EC0-301F-11D3-BF4B-00C04F79EFBC}") = "From1ToN", "From1ToN\From1ToN.csproj", "{B2343B79-F910-4A02-8948-DF171917760D}"
EndProject
Project("{FAE04EC0-301F-11D3-BF4B-00C04F79EFBC}") = "NotDivisible", "NotDivisible\NotDivisible.csproj", "{0925A5D1-E597-4C72-B1CA-C5711E170663}"
EndProject
Project("{FAE04EC0-301F-11D3-BF4B-00C04F79EFBC}") = "MMSA", "MMSA\MMSA.csproj", "{81AB5CC7-619C-48E4-BD17-D4D101178BCD}"
EndProject
Project("{FAE04EC0-301F-11D3-BF4B-00C04F79EFBC}") = "PrintADeck", "PrintADeck\PrintADeck.csproj", "{FC5359EC-33A0-406D-97FA-138C195DC651}"
EndProject
Project("{FAE04EC0-301F-11D3-BF4B-00C04F79EFBC}") = "Calculate!", "Calculate!\Calculate!.csproj", "{D986C772-DBD5-498D-88CC-7F4AD5DBCAF7}"
EndProject
Project("{FAE04EC0-301F-11D3-BF4B-00C04F79EFBC}") = "CalculateAgain", "CalculateAgain\CalculateAgain.csproj", "{367C76BF-0A0E-4BA9-8914-05D5D2071C6A}"
EndProject
Project("{FAE04EC0-301F-11D3-BF4B-00C04F79EFBC}") = "Calculate3!", "Calculate3!\Calculate3!.csproj", "{5BDCC345-E230-4DFC-8F84-31535304235E}"
EndProject
Project("{FAE04EC0-301F-11D3-BF4B-00C04F79EFBC}") = "Catalan", "Catalan\Catalan.csproj", "{77E17A32-5942-401D-8EF8-6262EE130515}"
EndProject
Project("{FAE04EC0-301F-11D3-BF4B-00C04F79EFBC}") = "MatrixOfNumbers", "MatrixOfNumbers\MatrixOfNumbers.csproj", "{ADDD679D-8B06-48A7-8768-5163F56F909D}"
EndProject
Project("{FAE04EC0-301F-11D3-BF4B-00C04F79EFBC}") = "OddAndEvenProduct", "OddAndEvenProduct\OddAndEvenProduct.csproj", "{0DB7A5B7-8C23-4812-B339-5BE7C055E62C}"
EndProject
Project("{FAE04EC0-301F-11D3-BF4B-00C04F79EFBC}") = "BiToDe", "BiToDe\BiToDe.csproj", "{C400F57A-42D3-48ED-BEB6-E0177C49CCD8}"
EndProject
Project("{FAE04EC0-301F-11D3-BF4B-00C04F79EFBC}") = "DeToBi", "DeToBi\DeToBi.csproj", "{44E295EB-F5B5-4542-A706-6B8A1F266A89}"
EndProject
Project("{FAE04EC0-301F-11D3-BF4B-00C04F79EFBC}") = "DeToHex", "DeToHex\DeToHex.csproj", "{3566750B-4188-40D6-8F20-2F1B21CE20A2}"
EndProject
Project("{FAE04EC0-301F-11D3-BF4B-00C04F79EFBC}") = "HexToDe", "HexToDe\HexToDe.csproj", "{02796177-5CCA-4DF5-8FCE-7DCCFFBC586E}"
EndProject
Project("{FAE04EC0-301F-11D3-BF4B-00C04F79EFBC}") = "GCD", "GCD\GCD.csproj", "{5E4D626D-DA01-4DA2-B85D-AB6DB2DF3448}"
EndProject
Project("{FAE04EC0-301F-11D3-BF4B-00C04F79EFBC}") = "zerosInN!", "zerosInN!\zerosInN!.csproj", "{5F8821FE-7C67-4B3A-9B58-EF9C06EFE8B7}"
EndProject
Global
	GlobalSection(SolutionConfigurationPlatforms) = preSolution
		Debug|Any CPU = Debug|Any CPU
		Release|Any CPU = Release|Any CPU
	EndGlobalSection
	GlobalSection(ProjectConfigurationPlatforms) = postSolution
		{B2343B79-F910-4A02-8948-DF171917760D}.Debug|Any CPU.ActiveCfg = Debug|Any CPU
		{B2343B79-F910-4A02-8948-DF171917760D}.Debug|Any CPU.Build.0 = Debug|Any CPU
		{B2343B79-F910-4A02-8948-DF171917760D}.Release|Any CPU.ActiveCfg = Release|Any CPU
		{B2343B79-F910-4A02-8948-DF171917760D}.Release|Any CPU.Build.0 = Release|Any CPU
		{0925A5D1-E597-4C72-B1CA-C5711E170663}.Debug|Any CPU.ActiveCfg = Debug|Any CPU
		{0925A5D1-E597-4C72-B1CA-C5711E170663}.Debug|Any CPU.Build.0 = Debug|Any CPU
		{0925A5D1-E597-4C72-B1CA-C5711E170663}.Release|Any CPU.ActiveCfg = Release|Any CPU
		{0925A5D1-E597-4C72-B1CA-C5711E170663}.Release|Any CPU.Build.0 = Release|Any CPU
		{81AB5CC7-619C-48E4-BD17-D4D101178BCD}.Debug|Any CPU.ActiveCfg = Debug|Any CPU
		{81AB5CC7-619C-48E4-BD17-D4D101178BCD}.Debug|Any CPU.Build.0 = Debug|Any CPU
		{81AB5CC7-619C-48E4-BD17-D4D101178BCD}.Release|Any CPU.ActiveCfg = Release|Any CPU
		{81AB5CC7-619C-48E4-BD17-D4D101178BCD}.Release|Any CPU.Build.0 = Release|Any CPU
		{FC5359EC-33A0-406D-97FA-138C195DC651}.Debug|Any CPU.ActiveCfg = Debug|Any CPU
		{FC5359EC-33A0-406D-97FA-138C195DC651}.Debug|Any CPU.Build.0 = Debug|Any CPU
		{FC5359EC-33A0-406D-97FA-138C195DC651}.Release|Any CPU.ActiveCfg = Release|Any CPU
		{FC5359EC-33A0-406D-97FA-138C195DC651}.Release|Any CPU.Build.0 = Release|Any CPU
		{D986C772-DBD5-498D-88CC-7F4AD5DBCAF7}.Debug|Any CPU.ActiveCfg = Debug|Any CPU
		{D986C772-DBD5-498D-88CC-7F4AD5DBCAF7}.Debug|Any CPU.Build.0 = Debug|Any CPU
		{D986C772-DBD5-498D-88CC-7F4AD5DBCAF7}.Release|Any CPU.ActiveCfg = Release|Any CPU
		{D986C772-DBD5-498D-88CC-7F4AD5DBCAF7}.Release|Any CPU.Build.0 = Release|Any CPU
		{367C76BF-0A0E-4BA9-8914-05D5D2071C6A}.Debug|Any CPU.ActiveCfg = Debug|Any CPU
		{367C76BF-0A0E-4BA9-8914-05D5D2071C6A}.Debug|Any CPU.Build.0 = Debug|Any CPU
		{367C76BF-0A0E-4BA9-8914-05D5D2071C6A}.Release|Any CPU.ActiveCfg = Release|Any CPU
		{367C76BF-0A0E-4BA9-8914-05D5D2071C6A}.Release|Any CPU.Build.0 = Release|Any CPU
		{5BDCC345-E230-4DFC-8F84-31535304235E}.Debug|Any CPU.ActiveCfg = Debug|Any CPU
		{5BDCC345-E230-4DFC-8F84-31535304235E}.Debug|Any CPU.Build.0 = Debug|Any CPU
		{5BDCC345-E230-4DFC-8F84-31535304235E}.Release|Any CPU.ActiveCfg = Release|Any CPU
		{5BDCC345-E230-4DFC-8F84-31535304235E}.Release|Any CPU.Build.0 = Release|Any CPU
		{77E17A32-5942-401D-8EF8-6262EE130515}.Debug|Any CPU.ActiveCfg = Debug|Any CPU
		{77E17A32-5942-401D-8EF8-6262EE130515}.Debug|Any CPU.Build.0 = Debug|Any CPU
		{77E17A32-5942-401D-8EF8-6262EE130515}.Release|Any CPU.ActiveCfg = Release|Any CPU
		{77E17A32-5942-401D-8EF8-6262EE130515}.Release|Any CPU.Build.0 = Release|Any CPU
		{ADDD679D-8B06-48A7-8768-5163F56F909D}.Debug|Any CPU.ActiveCfg = Debug|Any CPU
		{ADDD679D-8B06-48A7-8768-5163F56F909D}.Debug|Any CPU.Build.0 = Debug|Any CPU
		{ADDD679D-8B06-48A7-8768-5163F56F909D}.Release|Any CPU.ActiveCfg = Release|Any CPU
		{ADDD679D-8B06-48A7-8768-5163F56F909D}.Release|Any CPU.Build.0 = Release|Any CPU
		{0DB7A5B7-8C23-4812-B339-5BE7C055E62C}.Debug|Any CPU.ActiveCfg = Debug|Any CPU
		{0DB7A5B7-8C23-4812-B339-5BE7C055E62C}.Debug|Any CPU.Build.0 = Debug|Any CPU
		{0DB7A5B7-8C23-4812-B339-5BE7C055E62C}.Release|Any CPU.ActiveCfg = Release|Any CPU
		{0DB7A5B7-8C23-4812-B339-5BE7C055E62C}.Release|Any CPU.Build.0 = Release|Any CPU
		{C400F57A-42D3-48ED-BEB6-E0177C49CCD8}.Debug|Any CPU.ActiveCfg = Debug|Any CPU
		{C400F57A-42D3-48ED-BEB6-E0177C49CCD8}.Debug|Any CPU.Build.0 = Debug|Any CPU
		{C400F57A-42D3-48ED-BEB6-E0177C49CCD8}.Release|Any CPU.ActiveCfg = Release|Any CPU
		{C400F57A-42D3-48ED-BEB6-E0177C49CCD8}.Release|Any CPU.Build.0 = Release|Any CPU
		{44E295EB-F5B5-4542-A706-6B8A1F266A89}.Debug|Any CPU.ActiveCfg = Debug|Any CPU
		{44E295EB-F5B5-4542-A706-6B8A1F266A89}.Debug|Any CPU.Build.0 = Debug|Any CPU
		{44E295EB-F5B5-4542-A706-6B8A1F266A89}.Release|Any CPU.ActiveCfg = Release|Any CPU
		{44E295EB-F5B5-4542-A706-6B8A1F266A89}.Release|Any CPU.Build.0 = Release|Any CPU
		{3566750B-4188-40D6-8F20-2F1B21CE20A2}.Debug|Any CPU.ActiveCfg = Debug|Any CPU
		{3566750B-4188-40D6-8F20-2F1B21CE20A2}.Debug|Any CPU.Build.0 = Debug|Any CPU
		{3566750B-4188-40D6-8F20-2F1B21CE20A2}.Release|Any CPU.ActiveCfg = Release|Any CPU
		{3566750B-4188-40D6-8F20-2F1B21CE20A2}.Release|Any CPU.Build.0 = Release|Any CPU
		{02796177-5CCA-4DF5-8FCE-7DCCFFBC586E}.Debug|Any CPU.ActiveCfg = Debug|Any CPU
		{02796177-5CCA-4DF5-8FCE-7DCCFFBC586E}.Debug|Any CPU.Build.0 = Debug|Any CPU
		{02796177-5CCA-4DF5-8FCE-7DCCFFBC586E}.Release|Any CPU.ActiveCfg = Release|Any CPU
		{02796177-5CCA-4DF5-8FCE-7DCCFFBC586E}.Release|Any CPU.Build.0 = Release|Any CPU
		{5E4D626D-DA01-4DA2-B85D-AB6DB2DF3448}.Debug|Any CPU.ActiveCfg = Debug|Any CPU
		{5E4D626D-DA01-4DA2-B85D-AB6DB2DF3448}.Debug|Any CPU.Build.0 = Debug|Any CPU
		{5E4D626D-DA01-4DA2-B85D-AB6DB2DF3448}.Release|Any CPU.ActiveCfg = Release|Any CPU
		{5E4D626D-DA01-4DA2-B85D-AB6DB2DF3448}.Release|Any CPU.Build.0 = Release|Any CPU
		{5F8821FE-7C67-4B3A-9B58-EF9C06EFE8B7}.Debug|Any CPU.ActiveCfg = Debug|Any CPU
		{5F8821FE-7C67-4B3A-9B58-EF9C06EFE8B7}.Debug|Any CPU.Build.0 = Debug|Any CPU
		{5F8821FE-7C67-4B3A-9B58-EF9C06EFE8B7}.Release|Any CPU.ActiveCfg = Release|Any CPU
		{5F8821FE-7C67-4B3A-9B58-EF9C06EFE8B7}.Release|Any CPU.Build.0 = Release|Any CPU
	EndGlobalSection
	GlobalSection(SolutionProperties) = preSolution
		HideSolutionNode = FALSE
	EndGlobalSection
EndGlobal
