
Microsoft Visual Studio Solution File, Format Version 12.00
# Visual Studio 14
VisualStudioVersion = 14.0.24720.0
MinimumVisualStudioVersion = 10.0.40219.1
Project("{FAE04EC0-301F-11D3-BF4B-00C04F79EFBC}") = "04. Variable Length Coding - 22 Jan 2014 - Evening", "04. Variable Length Coding - 22 Jan 2014 - Evening\04. Variable Length Coding - 22 Jan 2014 - Evening.csproj", "{621BF215-8B52-45B6-A552-391ABFC09E40}"
EndProject
Project("{FAE04EC0-301F-11D3-BF4B-00C04F79EFBC}") = "01. TRES4 Numbers - 22 Jan 2014 - Evening", "01. TRES4 Numbers - 22 Jan 2014 - Evening\01. TRES4 Numbers - 22 Jan 2014 - Evening.csproj", "{8C1C768A-28C3-4902-8BBB-A7F3F988C223}"
EndProject
Project("{FAE04EC0-301F-11D3-BF4B-00C04F79EFBC}") = "02. Bunny Factory - 22 Jan 2014 - Evening", "02. Bunny Factory - 22 Jan 2014 - Evening\02. Bunny Factory - 22 Jan 2014 - Evening.csproj", "{177B81B7-B538-44EC-A816-00F95FE126BA}"
EndProject
Project("{FAE04EC0-301F-11D3-BF4B-00C04F79EFBC}") = "03. Patterns - 22 Jan 2014 - Evening", "03. Patterns - 22 Jan 2014 - Evening\03. Patterns - 22 Jan 2014 - Evening.csproj", "{37BD0B2A-EF58-469F-AE3C-3A6BFA081C16}"
EndProject
Project("{FAE04EC0-301F-11D3-BF4B-00C04F79EFBC}") = "05. Help Doge - 22 Jan 2014 - Evening", "05. Help Doge - 22 Jan 2014 - Evening\05. Help Doge - 22 Jan 2014 - Evening.csproj", "{6AD76E95-A8C9-4C1C-8BE3-0A3E31352391}"
EndProject
Global
	GlobalSection(SolutionConfigurationPlatforms) = preSolution
		Debug|Any CPU = Debug|Any CPU
		Release|Any CPU = Release|Any CPU
	EndGlobalSection
	GlobalSection(ProjectConfigurationPlatforms) = postSolution
		{621BF215-8B52-45B6-A552-391ABFC09E40}.Debug|Any CPU.ActiveCfg = Debug|Any CPU
		{621BF215-8B52-45B6-A552-391ABFC09E40}.Debug|Any CPU.Build.0 = Debug|Any CPU
		{621BF215-8B52-45B6-A552-391ABFC09E40}.Release|Any CPU.ActiveCfg = Release|Any CPU
		{621BF215-8B52-45B6-A552-391ABFC09E40}.Release|Any CPU.Build.0 = Release|Any CPU
		{8C1C768A-28C3-4902-8BBB-A7F3F988C223}.Debug|Any CPU.ActiveCfg = Debug|Any CPU
		{8C1C768A-28C3-4902-8BBB-A7F3F988C223}.Debug|Any CPU.Build.0 = Debug|Any CPU
		{8C1C768A-28C3-4902-8BBB-A7F3F988C223}.Release|Any CPU.ActiveCfg = Release|Any CPU
		{8C1C768A-28C3-4902-8BBB-A7F3F988C223}.Release|Any CPU.Build.0 = Release|Any CPU
		{177B81B7-B538-44EC-A816-00F95FE126BA}.Debug|Any CPU.ActiveCfg = Debug|Any CPU
		{177B81B7-B538-44EC-A816-00F95FE126BA}.Debug|Any CPU.Build.0 = Debug|Any CPU
		{177B81B7-B538-44EC-A816-00F95FE126BA}.Release|Any CPU.ActiveCfg = Release|Any CPU
		{177B81B7-B538-44EC-A816-00F95FE126BA}.Release|Any CPU.Build.0 = Release|Any CPU
		{37BD0B2A-EF58-469F-AE3C-3A6BFA081C16}.Debug|Any CPU.ActiveCfg = Debug|Any CPU
		{37BD0B2A-EF58-469F-AE3C-3A6BFA081C16}.Debug|Any CPU.Build.0 = Debug|Any CPU
		{37BD0B2A-EF58-469F-AE3C-3A6BFA081C16}.Release|Any CPU.ActiveCfg = Release|Any CPU
		{37BD0B2A-EF58-469F-AE3C-3A6BFA081C16}.Release|Any CPU.Build.0 = Release|Any CPU
		{6AD76E95-A8C9-4C1C-8BE3-0A3E31352391}.Debug|Any CPU.ActiveCfg = Debug|Any CPU
		{6AD76E95-A8C9-4C1C-8BE3-0A3E31352391}.Debug|Any CPU.Build.0 = Debug|Any CPU
		{6AD76E95-A8C9-4C1C-8BE3-0A3E31352391}.Release|Any CPU.ActiveCfg = Release|Any CPU
		{6AD76E95-A8C9-4C1C-8BE3-0A3E31352391}.Release|Any CPU.Build.0 = Release|Any CPU
	EndGlobalSection
	GlobalSection(SolutionProperties) = preSolution
		HideSolutionNode = FALSE
	EndGlobalSection
EndGlobal
